
Microsoft Visual Studio Solution File, Format Version 12.00
# Visual Studio 15
VisualStudioVersion = 15.0.28307.572
MinimumVisualStudioVersion = 10.0.40219.1
Project("{FAE04EC0-301F-11D3-BF4B-00C04F79EFBC}") = "SchedulerWPF", "SchedulerWPF\SchedulerWPF.csproj", "{BABC82F6-2643-4BC7-B73B-E97202EC5EA6}"
EndProject
Global
	GlobalSection(SolutionConfigurationPlatforms) = preSolution
		Debug|Any CPU = Debug|Any CPU
		Release|Any CPU = Release|Any CPU
	EndGlobalSection
	GlobalSection(ProjectConfigurationPlatforms) = postSolution
		{BABC82F6-2643-4BC7-B73B-E97202EC5EA6}.Debug|Any CPU.ActiveCfg = Debug|Any CPU
		{BABC82F6-2643-4BC7-B73B-E97202EC5EA6}.Debug|Any CPU.Build.0 = Debug|Any CPU
		{BABC82F6-2643-4BC7-B73B-E97202EC5EA6}.Release|Any CPU.ActiveCfg = Release|Any CPU
		{BABC82F6-2643-4BC7-B73B-E97202EC5EA6}.Release|Any CPU.Build.0 = Release|Any CPU
	EndGlobalSection
	GlobalSection(SolutionProperties) = preSolution
		HideSolutionNode = FALSE
	EndGlobalSection
	GlobalSection(ExtensibilityGlobals) = postSolution
		SolutionGuid = {2D8E60AD-6C30-4909-B255-FD3F0843DD43}
	EndGlobalSection
EndGlobal
